
Microsoft Visual Studio Solution File, Format Version 11.00
# Visual Studio 2010
Project("{FAE04EC0-301F-11D3-BF4B-00C04F79EFBC}") = "mainConsole", "mainConsole\mainConsole.csproj", "{8B3800DC-1F9B-4E10-9C38-8352BB26CEEA}"
EndProject
Project("{FAE04EC0-301F-11D3-BF4B-00C04F79EFBC}") = "Model", "Model\Model.csproj", "{9C848BB0-A8DB-4D95-8C39-46824355FE65}"
EndProject
Global
	GlobalSection(SolutionConfigurationPlatforms) = preSolution
		Debug|x86 = Debug|x86
		Release|x86 = Release|x86
	EndGlobalSection
	GlobalSection(ProjectConfigurationPlatforms) = postSolution
		{8B3800DC-1F9B-4E10-9C38-8352BB26CEEA}.Debug|x86.ActiveCfg = Debug|x86
		{8B3800DC-1F9B-4E10-9C38-8352BB26CEEA}.Debug|x86.Build.0 = Debug|x86
		{8B3800DC-1F9B-4E10-9C38-8352BB26CEEA}.Release|x86.ActiveCfg = Release|x86
		{8B3800DC-1F9B-4E10-9C38-8352BB26CEEA}.Release|x86.Build.0 = Release|x86
		{9C848BB0-A8DB-4D95-8C39-46824355FE65}.Debug|x86.ActiveCfg = Debug|Any CPU
		{9C848BB0-A8DB-4D95-8C39-46824355FE65}.Debug|x86.Build.0 = Debug|Any CPU
		{9C848BB0-A8DB-4D95-8C39-46824355FE65}.Release|x86.ActiveCfg = Release|Any CPU
		{9C848BB0-A8DB-4D95-8C39-46824355FE65}.Release|x86.Build.0 = Release|Any CPU
	EndGlobalSection
	GlobalSection(MonoDevelopProperties) = preSolution
		StartupItem = mainConsole\mainConsole.csproj
	EndGlobalSection
EndGlobal
